
Microsoft Visual Studio Solution File, Format Version 12.00
# Visual Studio 15
VisualStudioVersion = 15.0.27130.2020
MinimumVisualStudioVersion = 10.0.40219.1
Project("{FAE04EC0-301F-11D3-BF4B-00C04F79EFBC}") = "SignalR2MVC5", "SignalR2MVC5\SignalR2MVC5.csproj", "{6D2F072A-D5E0-44C3-BCFA-747903D325D8}"
EndProject
Global
	GlobalSection(SolutionConfigurationPlatforms) = preSolution
		Debug|Any CPU = Debug|Any CPU
		Release|Any CPU = Release|Any CPU
	EndGlobalSection
	GlobalSection(ProjectConfigurationPlatforms) = postSolution
		{6D2F072A-D5E0-44C3-BCFA-747903D325D8}.Debug|Any CPU.ActiveCfg = Debug|Any CPU
		{6D2F072A-D5E0-44C3-BCFA-747903D325D8}.Debug|Any CPU.Build.0 = Debug|Any CPU
		{6D2F072A-D5E0-44C3-BCFA-747903D325D8}.Release|Any CPU.ActiveCfg = Release|Any CPU
		{6D2F072A-D5E0-44C3-BCFA-747903D325D8}.Release|Any CPU.Build.0 = Release|Any CPU
	EndGlobalSection
	GlobalSection(SolutionProperties) = preSolution
		HideSolutionNode = FALSE
	EndGlobalSection
	GlobalSection(ExtensibilityGlobals) = postSolution
		SolutionGuid = {387F0CE2-703E-4EC6-9062-223AB2D22FC8}
	EndGlobalSection
EndGlobal
